// !$*UTF8*$!
{
	archiveVersion = 1;
	classes = {
	};
	objectVersion = 52;
	objects = {

/* Begin PBXBuildFile section */
		E07A294E231429B5009676E0 /* Assets.xcassets in Resources */ = {isa = PBXBuildFile; fileRef = E07A294A231429B5009676E0 /* Assets.xcassets */; };
		E07A294F231429B5009676E0 /* AppDelegate.swift in Sources */ = {isa = PBXBuildFile; fileRef = E07A294B231429B5009676E0 /* AppDelegate.swift */; };
		E07A2950231429B5009676E0 /* ViewController.swift in Sources */ = {isa = PBXBuildFile; fileRef = E07A294C231429B5009676E0 /* ViewController.swift */; };
		E07A2955231429D2009676E0 /* Main.storyboard in Resources */ = {isa = PBXBuildFile; fileRef = E07A2951231429D2009676E0 /* Main.storyboard */; };
		E07A2956231429D2009676E0 /* LaunchScreen.storyboard in Resources */ = {isa = PBXBuildFile; fileRef = E07A2953231429D2009676E0 /* LaunchScreen.storyboard */; };
		E07A295E23142CC5009676E0 /* MenuItemKit in Frameworks */ = {isa = PBXBuildFile; productRef = E07A295D23142CC5009676E0 /* MenuItemKit */; };
/* End PBXBuildFile section */

/* Begin PBXFileReference section */
		E07A293223142531009676E0 /* Demo-SPM.app */ = {isa = PBXFileReference; explicitFileType = wrapper.application; includeInIndex = 0; path = "Demo-SPM.app"; sourceTree = BUILT_PRODUCTS_DIR; };
		E07A2949231429B5009676E0 /* Info.plist */ = {isa = PBXFileReference; fileEncoding = 4; lastKnownFileType = text.plist.xml; name = Info.plist; path = ../../Demo/Demo/Info.plist; sourceTree = "<group>"; };
		E07A294A231429B5009676E0 /* Assets.xcassets */ = {isa = PBXFileReference; lastKnownFileType = folder.assetcatalog; name = Assets.xcassets; path = ../../Demo/Demo/Assets.xcassets; sourceTree = "<group>"; };
		E07A294B231429B5009676E0 /* AppDelegate.swift */ = {isa = PBXFileReference; fileEncoding = 4; lastKnownFileType = sourcecode.swift; name = AppDelegate.swift; path = ../../Demo/Demo/AppDelegate.swift; sourceTree = "<group>"; };
		E07A294C231429B5009676E0 /* ViewController.swift */ = {isa = PBXFileReference; fileEncoding = 4; lastKnownFileType = sourcecode.swift; name = ViewController.swift; path = ../../Demo/Demo/ViewController.swift; sourceTree = "<group>"; };
		E07A2952231429D2009676E0 /* Base */ = {isa = PBXFileReference; lastKnownFileType = file.storyboard; name = Base; path = ../../Demo/Demo/Base.lproj/Main.storyboard; sourceTree = "<group>"; };
		E07A2954231429D2009676E0 /* Base */ = {isa = PBXFileReference; lastKnownFileType = file.storyboard; name = Base; path = ../../Demo/Demo/Base.lproj/LaunchScreen.storyboard; sourceTree = "<group>"; };
		E07A295923142C7C009676E0 /* MenuItemKit */ = {isa = PBXFileReference; lastKnownFileType = folder; name = MenuItemKit; path = ..; sourceTree = "<group>"; };
/* End PBXFileReference section */

/* Begin PBXFrameworksBuildPhase section */
		E07A292F23142531009676E0 /* Frameworks */ = {
			isa = PBXFrameworksBuildPhase;
			buildActionMask = 2147483647;
			files = (
				E07A295E23142CC5009676E0 /* MenuItemKit in Frameworks */,
			);
			runOnlyForDeploymentPostprocessing = 0;
		};
/* End PBXFrameworksBuildPhase section */

/* Begin PBXGroup section */
		E07A292923142531009676E0 = {
			isa = PBXGroup;
			children = (
				E07A293423142531009676E0 /* Demo-SPM */,
				E07A293323142531009676E0 /* Products */,
				E07A295923142C7C009676E0 /* MenuItemKit */,
				E07A295A23142CB1009676E0 /* Frameworks */,
			);
			sourceTree = "<group>";
		};
		E07A293323142531009676E0 /* Products */ = {
			isa = PBXGroup;
			children = (
				E07A293223142531009676E0 /* Demo-SPM.app */,
			);
			name = Products;
			sourceTree = "<group>";
		};
		E07A293423142531009676E0 /* Demo-SPM */ = {
			isa = PBXGroup;
			children = (
				E07A294B231429B5009676E0 /* AppDelegate.swift */,
				E07A294A231429B5009676E0 /* Assets.xcassets */,
				E07A2949231429B5009676E0 /* Info.plist */,
				E07A294C231429B5009676E0 /* ViewController.swift */,
				E07A2953231429D2009676E0 /* LaunchScreen.storyboard */,
				E07A2951231429D2009676E0 /* Main.storyboard */,
			);
			path = "Demo-SPM";
			sourceTree = "<group>";
		};
		E07A295A23142CB1009676E0 /* Frameworks */ = {
			isa = PBXGroup;
			children = (
			);
			name = Frameworks;
			sourceTree = "<group>";
		};
/* End PBXGroup section */

/* Begin PBXNativeTarget section */
		E07A293123142531009676E0 /* Demo-SPM */ = {
			isa = PBXNativeTarget;
			buildConfigurationList = E07A294623142535009676E0 /* Build configuration list for PBXNativeTarget "Demo-SPM" */;
			buildPhases = (
				E07A292E23142531009676E0 /* Sources */,
				E07A292F23142531009676E0 /* Frameworks */,
				E07A293023142531009676E0 /* Resources */,
			);
			buildRules = (
			);
			dependencies = (
			);
			name = "Demo-SPM";
			packageProductDependencies = (
				E07A295D23142CC5009676E0 /* MenuItemKit */,
			);
			productName = "Demo-SPM";
			productReference = E07A293223142531009676E0 /* Demo-SPM.app */;
			productType = "com.apple.product-type.application";
		};
/* End PBXNativeTarget section */

/* Begin PBXProject section */
		E07A292A23142531009676E0 /* Project object */ = {
			isa = PBXProject;
			attributes = {
				LastSwiftUpdateCheck = 1100;
				LastUpgradeCheck = 1100;
				ORGANIZATIONNAME = realazy;
				TargetAttributes = {
					E07A293123142531009676E0 = {
						CreatedOnToolsVersion = 11.0;
						LastSwiftMigration = 1100;
					};
				};
			};
			buildConfigurationList = E07A292D23142531009676E0 /* Build configuration list for PBXProject "Demo-SPM" */;
			compatibilityVersion = "Xcode 9.3";
			developmentRegion = en;
			hasScannedForEncodings = 0;
			knownRegions = (
				en,
				Base,
			);
			mainGroup = E07A292923142531009676E0;
			productRefGroup = E07A293323142531009676E0 /* Products */;
			projectDirPath = "";
			projectRoot = "";
			targets = (
				E07A293123142531009676E0 /* Demo-SPM */,
			);
		};
/* End PBXProject section */

/* Begin PBXResourcesBuildPhase section */
		E07A293023142531009676E0 /* Resources */ = {
			isa = PBXResourcesBuildPhase;
			buildActionMask = 2147483647;
			files = (
				E07A2955231429D2009676E0 /* Main.storyboard in Resources */,
				E07A2956231429D2009676E0 /* LaunchScreen.storyboard in Resources */,
				E07A294E231429B5009676E0 /* Assets.xcassets in Resources */,
			);
			runOnlyForDeploymentPostprocessing = 0;
		};
/* End PBXResourcesBuildPhase section */

/* Begin PBXSourcesBuildPhase section */
		E07A292E23142531009676E0 /* Sources */ = {
			isa = PBXSourcesBuildPhase;
			buildActionMask = 2147483647;
			files = (
				E07A2950231429B5009676E0 /* ViewController.swift in Sources */,
				E07A294F231429B5009676E0 /* AppDelegate.swift in Sources */,
			);
			runOnlyForDeploymentPostprocessing = 0;
		};
/* End PBXSourcesBuildPhase section */

/* Begin PBXVariantGroup section */
		E07A2951231429D2009676E0 /* Main.storyboard */ = {
			isa = PBXVariantGroup;
			children = (
				E07A2952231429D2009676E0 /* Base */,
			);
			name = Main.storyboard;
			sourceTree = "<group>";
		};
		E07A2953231429D2009676E0 /* LaunchScreen.storyboard */ = {
			isa = PBXVariantGroup;
			children = (
				E07A2954231429D2009676E0 /* Base */,
			);
			name = LaunchScreen.storyboard;
			sourceTree = "<group>";
		};
/* End PBXVariantGroup section */

/* Begin XCBuildConfiguration section */
		E07A294423142535009676E0 /* Debug */ = {
			isa = XCBuildConfiguration;
			buildSettings = {
				ALWAYS_SEARCH_USER_PATHS = NO;
				CLANG_ANALYZER_NONNULL = YES;
				CLANG_ANALYZER_NUMBER_OBJECT_CONVERSION = YES_AGGRESSIVE;
				CLANG_CXX_LANGUAGE_STANDARD = "gnu++14";
				CLANG_CXX_LIBRARY = "libc++";
				CLANG_ENABLE_MODULES = YES;
				CLANG_ENABLE_OBJC_ARC = YES;
				CLANG_ENABLE_OBJC_WEAK = YES;
				CLANG_WARN_BLOCK_CAPTURE_AUTORELEASING = YES;
				CLANG_WARN_BOOL_CONVERSION = YES;
				CLANG_WARN_COMMA = YES;
				CLANG_WARN_CONSTANT_CONVERSION = YES;
				CLANG_WARN_DEPRECATED_OBJC_IMPLEMENTATIONS = YES;
				CLANG_WARN_DIRECT_OBJC_ISA_USAGE = YES_ERROR;
				CLANG_WARN_DOCUMENTATION_COMMENTS = YES;
				CLANG_WARN_EMPTY_BODY = YES;
				CLANG_WARN_ENUM_CONVERSION = YES;
				CLANG_WARN_INFINITE_RECURSION = YES;
				CLANG_WARN_INT_CONVERSION = YES;
				CLANG_WARN_NON_LITERAL_NULL_CONVERSION = YES;
				CLANG_WARN_OBJC_IMPLICIT_RETAIN_SELF = YES;
				CLANG_WARN_OBJC_LITERAL_CONVERSION = YES;
				CLANG_WARN_OBJC_ROOT_CLASS = YES_ERROR;
				CLANG_WARN_RANGE_LOOP_ANALYSIS = YES;
				CLANG_WARN_STRICT_PROTOTYPES = YES;
				CLANG_WARN_SUSPICIOUS_MOVE = YES;
				CLANG_WARN_UNGUARDED_AVAILABILITY = YES_AGGRESSIVE;
				CLANG_WARN_UNREACHABLE_CODE = YES;
				CLANG_WARN__DUPLICATE_METHOD_MATCH = YES;
				COPY_PHASE_STRIP = NO;
				DEBUG_INFORMATION_FORMAT = dwarf;
				ENABLE_STRICT_OBJC_MSGSEND = YES;
				ENABLE_TESTABILITY = YES;
				GCC_C_LANGUAGE_STANDARD = gnu11;
				GCC_DYNAMIC_NO_PIC = NO;
				GCC_NO_COMMON_BLOCKS = YES;
				GCC_OPTIMIZATION_LEVEL = 0;
				GCC_PREPROCESSOR_DEFINITIONS = (
					"DEBUG=1",
					"$(inherited)",
				);
				GCC_WARN_64_TO_32_BIT_CONVERSION = YES;
				GCC_WARN_ABOUT_RETURN_TYPE = YES_ERROR;
				GCC_WARN_UNDECLARED_SELECTOR = YES;
				GCC_WARN_UNINITIALIZED_AUTOS = YES_AGGRESSIVE;
				GCC_WARN_UNUSED_FUNCTION = YES;
				GCC_WARN_UNUSED_VARIABLE = YES;
				IPHONEOS_DEPLOYMENT_TARGET = 13.0;
				MTL_ENABLE_DEBUG_INFO = INCLUDE_SOURCE;
				MTL_FAST_MATH = YES;
				ONLY_ACTIVE_ARCH = YES;
				SDKROOT = iphoneos;
				SWIFT_ACTIVE_COMPILATION_CONDITIONS = DEBUG;
				SWIFT_OPTIMIZATION_LEVEL = "-Onone";
			};
			name = Debug;
		};
		E07A294523142535009676E0 /* Release */ = {
			isa = XCBuildConfiguration;
			buildSettings = {
				ALWAYS_SEARCH_USER_PATHS = NO;
				CLANG_ANALYZER_NONNULL = YES;
				CLANG_ANALYZER_NUMBER_OBJECT_CONVERSION = YES_AGGRESSIVE;
				CLANG_CXX_LANGUAGE_STANDARD = "gnu++14";
				CLANG_CXX_LIBRARY = "libc++";
				CLANG_ENABLE_MODULES = YES;
				CLANG_ENABLE_OBJC_ARC = YES;
				CLANG_ENABLE_OBJC_WEAK = YES;
				CLANG_WARN_BLOCK_CAPTURE_AUTORELEASING = YES;
				CLANG_WARN_BOOL_CONVERSION = YES;
				CLANG_WARN_COMMA = YES;
				CLANG_WARN_CONSTANT_CONVERSION = YES;
				CLANG_WARN_DEPRECATED_OBJC_IMPLEMENTATIONS = YES;
				CLANG_WARN_DIRECT_OBJC_ISA_USAGE = YES_ERROR;
				CLANG_WARN_DOCUMENTATION_COMMENTS = YES;
				CLANG_WARN_EMPTY_BODY = YES;
				CLANG_WARN_ENUM_CONVERSION = YES;
				CLANG_WARN_INFINITE_RECURSION = YES;
				CLANG_WARN_INT_CONVERSION = YES;
				CLANG_WARN_NON_LITERAL_NULL_CONVERSION = YES;
				CLANG_WARN_OBJC_IMPLICIT_RETAIN_SELF = YES;
				CLANG_WARN_OBJC_LITERAL_CONVERSION = YES;
				CLANG_WARN_OBJC_ROOT_CLASS = YES_ERROR;
				CLANG_WARN_RANGE_LOOP_ANALYSIS = YES;
				CLANG_WARN_STRICT_PROTOTYPES = YES;
				CLANG_WARN_SUSPICIOUS_MOVE = YES;
				CLANG_WARN_UNGUARDED_AVAILABILITY = YES_AGGRESSIVE;
				CLANG_WARN_UNREACHABLE_CODE = YES;
				CLANG_WARN__DUPLICATE_METHOD_MATCH = YES;
				COPY_PHASE_STRIP = NO;
				DEBUG_INFORMATION_FORMAT = "dwarf-with-dsym";
				ENABLE_NS_ASSERTIONS = NO;
				ENABLE_STRICT_OBJC_MSGSEND = YES;
				GCC_C_LANGUAGE_STANDARD = gnu11;
				GCC_NO_COMMON_BLOCKS = YES;
				GCC_WARN_64_TO_32_BIT_CONVERSION = YES;
				GCC_WARN_ABOUT_RETURN_TYPE = YES_ERROR;
				GCC_WARN_UNDECLARED_SELECTOR = YES;
				GCC_WARN_UNINITIALIZED_AUTOS = YES_AGGRESSIVE;
				GCC_WARN_UNUSED_FUNCTION = YES;
				GCC_WARN_UNUSED_VARIABLE = YES;
				IPHONEOS_DEPLOYMENT_TARGET = 13.0;
				MTL_ENABLE_DEBUG_INFO = NO;
				MTL_FAST_MATH = YES;
				SDKROOT = iphoneos;
				SWIFT_COMPILATION_MODE = wholemodule;
				SWIFT_OPTIMIZATION_LEVEL = "-O";
				VALIDATE_PRODUCT = YES;
			};
			name = Release;
		};
		E07A294723142535009676E0 /* Debug */ = {
			isa = XCBuildConfiguration;
			buildSettings = {
				CLANG_ENABLE_MODULES = YES;
				CODE_SIGN_STYLE = Automatic;
				INFOPLIST_FILE = "$(SRCROOT)/../Demo/Demo/Info.plist";
				IPHONEOS_DEPLOYMENT_TARGET = 10.0;
				LD_RUNPATH_SEARCH_PATHS = (
					"$(inherited)",
					"@executable_path/Frameworks",
				);
				PRODUCT_BUNDLE_IDENTIFIER = "com.realazy.Demo-SPM";
				PRODUCT_NAME = "$(TARGET_NAME)";
				SWIFT_OPTIMIZATION_LEVEL = "-Onone";
				SWIFT_VERSION = 5.0;
				TARGETED_DEVICE_FAMILY = "1,2";
				VALID_ARCHS = "$(ARCHS_STANDARD)";
			};
			name = Debug;
		};
		E07A294823142535009676E0 /* Release */ = {
			isa = XCBuildConfiguration;
			buildSettings = {
				CLANG_ENABLE_MODULES = YES;
				CODE_SIGN_STYLE = Automatic;
				INFOPLIST_FILE = "$(SRCROOT)/../Demo/Demo/Info.plist";
				IPHONEOS_DEPLOYMENT_TARGET = 10.0;
				LD_RUNPATH_SEARCH_PATHS = (
					"$(inherited)",
					"@executable_path/Frameworks",
				);
				PRODUCT_BUNDLE_IDENTIFIER = "com.realazy.Demo-SPM";
				PRODUCT_NAME = "$(TARGET_NAME)";
				SWIFT_VERSION = 5.0;
				TARGETED_DEVICE_FAMILY = "1,2";
				VALID_ARCHS = "$(ARCHS_STANDARD)";
			};
			name = Release;
		};
/* End XCBuildConfiguration section */

/* Begin XCConfigurationList section */
		E07A292D23142531009676E0 /* Build configuration list for PBXProject "Demo-SPM" */ = {
			isa = XCConfigurationList;
			buildConfigurations = (
				E07A294423142535009676E0 /* Debug */,
				E07A294523142535009676E0 /* Release */,
			);
			defaultConfigurationIsVisible = 0;
			defaultConfigurationName = Release;
		};
		E07A294623142535009676E0 /* Build configuration list for PBXNativeTarget "Demo-SPM" */ = {
			isa = XCConfigurationList;
			buildConfigurations = (
				E07A294723142535009676E0 /* Debug */,
				E07A294823142535009676E0 /* Release */,
			);
			defaultConfigurationIsVisible = 0;
			defaultConfigurationName = Release;
		};
/* End XCConfigurationList section */

/* Begin XCSwiftPackageProductDependency section */
		E07A295D23142CC5009676E0 /* MenuItemKit */ = {
			isa = XCSwiftPackageProductDependency;
			productName = MenuItemKit;
		};
/* End XCSwiftPackageProductDependency section */
	};
	rootObject = E07A292A23142531009676E0 /* Project object */;
}
